{
  "../sepolia-forge/lib/forge-std": {
    "rev": "7117c90c8cf6c68e5acce4f09a6b24715cea4de6"
  },
  "lib/forge-std": {
    "rev": "7117c90c8cf6c68e5acce4f09a6b24715cea4de6"
  },
  "lib/openzeppelin-contracts": {
    "rev": "4961a51cc736c7d4aa9bd2e11e4cbbaff73efee9"
  },
  "lib/solady": {
    "rev": "acd959aa4bd04720d640bf4e6a5c71037510cc4b"
  }
}